
Microsoft Visual Studio Solution File, Format Version 12.00
# Visual Studio Version 16
VisualStudioVersion = 16.0.33920.266
MinimumVisualStudioVersion = 10.0.40219.1
Project("{8BC9CEB8-8B4A-11D0-8D11-00A0C91BC942}") = "Project1", "Project1\Project1.vcxproj", "{7035C700-E3B0-4943-990F-8B0C87E46468}"
EndProject
Global
	GlobalSection(SolutionConfigurationPlatforms) = preSolution
		Debug|x64 = Debug|x64
		Debug|x86 = Debug|x86
		Release|x64 = Release|x64
		Release|x86 = Release|x86
	EndGlobalSection
	GlobalSection(ProjectConfigurationPlatforms) = postSolution
		{7035C700-E3B0-4943-990F-8B0C87E46468}.Debug|x64.ActiveCfg = Debug|x64
		{7035C700-E3B0-4943-990F-8B0C87E46468}.Debug|x64.Build.0 = Debug|x64
		{7035C700-E3B0-4943-990F-8B0C87E46468}.Debug|x86.ActiveCfg = Debug|Win32
		{7035C700-E3B0-4943-990F-8B0C87E46468}.Debug|x86.Build.0 = Debug|Win32
		{7035C700-E3B0-4943-990F-8B0C87E46468}.Release|x64.ActiveCfg = Release|x64
		{7035C700-E3B0-4943-990F-8B0C87E46468}.Release|x64.Build.0 = Release|x64
		{7035C700-E3B0-4943-990F-8B0C87E46468}.Release|x86.ActiveCfg = Release|Win32
		{7035C700-E3B0-4943-990F-8B0C87E46468}.Release|x86.Build.0 = Release|Win32
	EndGlobalSection
	GlobalSection(SolutionProperties) = preSolution
		HideSolutionNode = FALSE
	EndGlobalSection
	GlobalSection(ExtensibilityGlobals) = postSolution
		SolutionGuid = {EA6CBB46-861C-4BFE-A098-EED4FF7F6DA8}
	EndGlobalSection
EndGlobal
