
Microsoft Visual Studio Solution File, Format Version 12.00
# Visual Studio Version 17
VisualStudioVersion = 17.7.34202.233
MinimumVisualStudioVersion = 10.0.40219.1
Project("{8BC9CEB8-8B4A-11D0-8D11-00A0C91BC942}") = "Project1", "Project1\Project1.vcxproj", "{D0459CE9-8D22-47E2-9079-EC298CE9B456}"
EndProject
Global
	GlobalSection(SolutionConfigurationPlatforms) = preSolution
		Debug|x64 = Debug|x64
		Debug|x86 = Debug|x86
		Release|x64 = Release|x64
		Release|x86 = Release|x86
	EndGlobalSection
	GlobalSection(ProjectConfigurationPlatforms) = postSolution
		{D0459CE9-8D22-47E2-9079-EC298CE9B456}.Debug|x64.ActiveCfg = Debug|x64
		{D0459CE9-8D22-47E2-9079-EC298CE9B456}.Debug|x64.Build.0 = Debug|x64
		{D0459CE9-8D22-47E2-9079-EC298CE9B456}.Debug|x86.ActiveCfg = Debug|Win32
		{D0459CE9-8D22-47E2-9079-EC298CE9B456}.Debug|x86.Build.0 = Debug|Win32
		{D0459CE9-8D22-47E2-9079-EC298CE9B456}.Release|x64.ActiveCfg = Release|x64
		{D0459CE9-8D22-47E2-9079-EC298CE9B456}.Release|x64.Build.0 = Release|x64
		{D0459CE9-8D22-47E2-9079-EC298CE9B456}.Release|x86.ActiveCfg = Release|Win32
		{D0459CE9-8D22-47E2-9079-EC298CE9B456}.Release|x86.Build.0 = Release|Win32
	EndGlobalSection
	GlobalSection(SolutionProperties) = preSolution
		HideSolutionNode = FALSE
	EndGlobalSection
	GlobalSection(ExtensibilityGlobals) = postSolution
		SolutionGuid = {AAE0074C-5B74-4070-91DB-D1A23A7C058D}
	EndGlobalSection
EndGlobal
